
Microsoft Visual Studio Solution File, Format Version 12.00
# Visual Studio 15
VisualStudioVersion = 15.0.27703.2047
MinimumVisualStudioVersion = 10.0.40219.1
Project("{FAE04EC0-301F-11D3-BF4B-00C04F79EFBC}") = "PerformanceTestingTool", "PerformanceTestingTool\PerformanceTestingTool.csproj", "{7B672A07-B72F-44E6-8079-0E4E79FADD2C}"
EndProject
Project("{FAE04EC0-301F-11D3-BF4B-00C04F79EFBC}") = "Test", "Test\Test.csproj", "{4469A25D-463F-4F42-85DE-0A9912E63C98}"
EndProject
Global
	GlobalSection(SolutionConfigurationPlatforms) = preSolution
		Debug|Any CPU = Debug|Any CPU
		Release|Any CPU = Release|Any CPU
	EndGlobalSection
	GlobalSection(ProjectConfigurationPlatforms) = postSolution
		{7B672A07-B72F-44E6-8079-0E4E79FADD2C}.Debug|Any CPU.ActiveCfg = Debug|Any CPU
		{7B672A07-B72F-44E6-8079-0E4E79FADD2C}.Debug|Any CPU.Build.0 = Debug|Any CPU
		{7B672A07-B72F-44E6-8079-0E4E79FADD2C}.Release|Any CPU.ActiveCfg = Release|Any CPU
		{7B672A07-B72F-44E6-8079-0E4E79FADD2C}.Release|Any CPU.Build.0 = Release|Any CPU
		{4469A25D-463F-4F42-85DE-0A9912E63C98}.Debug|Any CPU.ActiveCfg = Debug|Any CPU
		{4469A25D-463F-4F42-85DE-0A9912E63C98}.Debug|Any CPU.Build.0 = Debug|Any CPU
		{4469A25D-463F-4F42-85DE-0A9912E63C98}.Release|Any CPU.ActiveCfg = Release|Any CPU
		{4469A25D-463F-4F42-85DE-0A9912E63C98}.Release|Any CPU.Build.0 = Release|Any CPU
	EndGlobalSection
	GlobalSection(SolutionProperties) = preSolution
		HideSolutionNode = FALSE
	EndGlobalSection
	GlobalSection(ExtensibilityGlobals) = postSolution
		SolutionGuid = {688AAA5F-3BFE-4945-AC37-2A19E5478554}
	EndGlobalSection
EndGlobal
